// !$*UTF8*$!
{
	archiveVersion = 1;
	classes = {
	};
	objectVersion = 48;
	objects = {

/* Begin PBXBuildFile section */
		3AA0A1C1EE85F13FAAAD3F0B /* Pods_PodcastPlayer.framework in Frameworks */ = {isa = PBXBuildFile; fileRef = 4D456FBC3C123BD59EAF0E14 /* Pods_PodcastPlayer.framework */; };
		CCCD7D512073B0750007F2D0 /* APIService.swift in Sources */ = {isa = PBXBuildFile; fileRef = CCCD7D502073B0750007F2D0 /* APIService.swift */; };
		CCCD7D542073BB670007F2D0 /* PodcastCell.xib in Resources */ = {isa = PBXBuildFile; fileRef = CCCD7D532073BB670007F2D0 /* PodcastCell.xib */; };
		CCCD7D562073C4550007F2D0 /* PodcastCell.swift in Sources */ = {isa = PBXBuildFile; fileRef = CCCD7D552073C4550007F2D0 /* PodcastCell.swift */; };
		CCE258DB206FB3610025DB21 /* AppDelegate.swift in Sources */ = {isa = PBXBuildFile; fileRef = CCE258DA206FB3610025DB21 /* AppDelegate.swift */; };
		CCE258DD206FB3610025DB21 /* ViewController.swift in Sources */ = {isa = PBXBuildFile; fileRef = CCE258DC206FB3610025DB21 /* ViewController.swift */; };
		CCE258E0206FB3610025DB21 /* Main.storyboard in Resources */ = {isa = PBXBuildFile; fileRef = CCE258DE206FB3610025DB21 /* Main.storyboard */; };
		CCE258E2206FB3610025DB21 /* Assets.xcassets in Resources */ = {isa = PBXBuildFile; fileRef = CCE258E1206FB3610025DB21 /* Assets.xcassets */; };
		CCE258E5206FB3610025DB21 /* LaunchScreen.storyboard in Resources */ = {isa = PBXBuildFile; fileRef = CCE258E3206FB3610025DB21 /* LaunchScreen.storyboard */; };
		CCE258ED206FB3A70025DB21 /* MainTabBarController.swift in Sources */ = {isa = PBXBuildFile; fileRef = CCE258EC206FB3A70025DB21 /* MainTabBarController.swift */; };
		CCE258F0206FBE200025DB21 /* PodcastsSearchViewController.swift in Sources */ = {isa = PBXBuildFile; fileRef = CCE258EF206FBE200025DB21 /* PodcastsSearchViewController.swift */; };
		CCE258F3206FBEEB0025DB21 /* Podcast.swift in Sources */ = {isa = PBXBuildFile; fileRef = CCE258F2206FBEEB0025DB21 /* Podcast.swift */; };
/* End PBXBuildFile section */

/* Begin PBXFileReference section */
		3950AE460AA6F85237956DB3 /* Pods-PodcastPlayer.debug.xcconfig */ = {isa = PBXFileReference; includeInIndex = 1; lastKnownFileType = text.xcconfig; name = "Pods-PodcastPlayer.debug.xcconfig"; path = "Pods/Target Support Files/Pods-PodcastPlayer/Pods-PodcastPlayer.debug.xcconfig"; sourceTree = "<group>"; };
		4D456FBC3C123BD59EAF0E14 /* Pods_PodcastPlayer.framework */ = {isa = PBXFileReference; explicitFileType = wrapper.framework; includeInIndex = 0; path = Pods_PodcastPlayer.framework; sourceTree = BUILT_PRODUCTS_DIR; };
		5C9DE422DB37970A2F0FAA8C /* Pods-PodcastPlayer.release.xcconfig */ = {isa = PBXFileReference; includeInIndex = 1; lastKnownFileType = text.xcconfig; name = "Pods-PodcastPlayer.release.xcconfig"; path = "Pods/Target Support Files/Pods-PodcastPlayer/Pods-PodcastPlayer.release.xcconfig"; sourceTree = "<group>"; };
		CCCD7D502073B0750007F2D0 /* APIService.swift */ = {isa = PBXFileReference; lastKnownFileType = sourcecode.swift; path = APIService.swift; sourceTree = "<group>"; };
		CCCD7D532073BB670007F2D0 /* PodcastCell.xib */ = {isa = PBXFileReference; lastKnownFileType = file.xib; path = PodcastCell.xib; sourceTree = "<group>"; };
		CCCD7D552073C4550007F2D0 /* PodcastCell.swift */ = {isa = PBXFileReference; lastKnownFileType = sourcecode.swift; path = PodcastCell.swift; sourceTree = "<group>"; };
		CCE258D7206FB3610025DB21 /* PodcastPlayer.app */ = {isa = PBXFileReference; explicitFileType = wrapper.application; includeInIndex = 0; path = PodcastPlayer.app; sourceTree = BUILT_PRODUCTS_DIR; };
		CCE258DA206FB3610025DB21 /* AppDelegate.swift */ = {isa = PBXFileReference; lastKnownFileType = sourcecode.swift; path = AppDelegate.swift; sourceTree = "<group>"; };
		CCE258DC206FB3610025DB21 /* ViewController.swift */ = {isa = PBXFileReference; lastKnownFileType = sourcecode.swift; path = ViewController.swift; sourceTree = "<group>"; };
		CCE258DF206FB3610025DB21 /* Base */ = {isa = PBXFileReference; lastKnownFileType = file.storyboard; name = Base; path = Base.lproj/Main.storyboard; sourceTree = "<group>"; };
		CCE258E1206FB3610025DB21 /* Assets.xcassets */ = {isa = PBXFileReference; lastKnownFileType = folder.assetcatalog; path = Assets.xcassets; sourceTree = "<group>"; };
		CCE258E4206FB3610025DB21 /* Base */ = {isa = PBXFileReference; lastKnownFileType = file.storyboard; name = Base; path = Base.lproj/LaunchScreen.storyboard; sourceTree = "<group>"; };
		CCE258E6206FB3610025DB21 /* Info.plist */ = {isa = PBXFileReference; lastKnownFileType = text.plist.xml; path = Info.plist; sourceTree = "<group>"; };
		CCE258EC206FB3A70025DB21 /* MainTabBarController.swift */ = {isa = PBXFileReference; lastKnownFileType = sourcecode.swift; path = MainTabBarController.swift; sourceTree = "<group>"; };
		CCE258EF206FBE200025DB21 /* PodcastsSearchViewController.swift */ = {isa = PBXFileReference; lastKnownFileType = sourcecode.swift; path = PodcastsSearchViewController.swift; sourceTree = "<group>"; };
		CCE258F2206FBEEB0025DB21 /* Podcast.swift */ = {isa = PBXFileReference; lastKnownFileType = sourcecode.swift; path = Podcast.swift; sourceTree = "<group>"; };
/* End PBXFileReference section */

/* Begin PBXFrameworksBuildPhase section */
		CCE258D4206FB3610025DB21 /* Frameworks */ = {
			isa = PBXFrameworksBuildPhase;
			buildActionMask = 2147483647;
			files = (
				3AA0A1C1EE85F13FAAAD3F0B /* Pods_PodcastPlayer.framework in Frameworks */,
			);
			runOnlyForDeploymentPostprocessing = 0;
		};
/* End PBXFrameworksBuildPhase section */

/* Begin PBXGroup section */
		AF0A316685A6F60D5B425B9C /* Pods */ = {
			isa = PBXGroup;
			children = (
				3950AE460AA6F85237956DB3 /* Pods-PodcastPlayer.debug.xcconfig */,
				5C9DE422DB37970A2F0FAA8C /* Pods-PodcastPlayer.release.xcconfig */,
			);
			name = Pods;
			sourceTree = "<group>";
		};
		C868E2B220ACAE46D7B1E9AA /* Frameworks */ = {
			isa = PBXGroup;
			children = (
				4D456FBC3C123BD59EAF0E14 /* Pods_PodcastPlayer.framework */,
			);
			name = Frameworks;
			sourceTree = "<group>";
		};
		CCCD7D4F2073B05F0007F2D0 /* API */ = {
			isa = PBXGroup;
			children = (
				CCCD7D502073B0750007F2D0 /* APIService.swift */,
			);
			path = API;
			sourceTree = "<group>";
		};
		CCCD7D522073BB1D0007F2D0 /* Views */ = {
			isa = PBXGroup;
			children = (
				CCCD7D532073BB670007F2D0 /* PodcastCell.xib */,
				CCCD7D552073C4550007F2D0 /* PodcastCell.swift */,
			);
			path = Views;
			sourceTree = "<group>";
		};
		CCE258CE206FB3610025DB21 = {
			isa = PBXGroup;
			children = (
				CCE258D9206FB3610025DB21 /* PodcastPlayer */,
				CCE258D8206FB3610025DB21 /* Products */,
				AF0A316685A6F60D5B425B9C /* Pods */,
				C868E2B220ACAE46D7B1E9AA /* Frameworks */,
			);
			sourceTree = "<group>";
		};
		CCE258D8206FB3610025DB21 /* Products */ = {
			isa = PBXGroup;
			children = (
				CCE258D7206FB3610025DB21 /* PodcastPlayer.app */,
			);
			name = Products;
			sourceTree = "<group>";
		};
		CCE258D9206FB3610025DB21 /* PodcastPlayer */ = {
			isa = PBXGroup;
			children = (
				CCCD7D4F2073B05F0007F2D0 /* API */,
				CCE258F1206FBEC90025DB21 /* Models */,
				CCCD7D522073BB1D0007F2D0 /* Views */,
				CCE258EE206FBE100025DB21 /* ViewControllers */,
				CCE258DA206FB3610025DB21 /* AppDelegate.swift */,
				CCE258DC206FB3610025DB21 /* ViewController.swift */,
				CCE258DE206FB3610025DB21 /* Main.storyboard */,
				CCE258E1206FB3610025DB21 /* Assets.xcassets */,
				CCE258E3206FB3610025DB21 /* LaunchScreen.storyboard */,
				CCE258E6206FB3610025DB21 /* Info.plist */,
				CCE258EC206FB3A70025DB21 /* MainTabBarController.swift */,
			);
			path = PodcastPlayer;
			sourceTree = "<group>";
		};
		CCE258EE206FBE100025DB21 /* ViewControllers */ = {
			isa = PBXGroup;
			children = (
				CCE258EF206FBE200025DB21 /* PodcastsSearchViewController.swift */,
			);
			path = ViewControllers;
			sourceTree = "<group>";
		};
		CCE258F1206FBEC90025DB21 /* Models */ = {
			isa = PBXGroup;
			children = (
				CCE258F2206FBEEB0025DB21 /* Podcast.swift */,
			);
			path = Models;
			sourceTree = "<group>";
		};
/* End PBXGroup section */

/* Begin PBXNativeTarget section */
		CCE258D6206FB3610025DB21 /* PodcastPlayer */ = {
			isa = PBXNativeTarget;
			buildConfigurationList = CCE258E9206FB3610025DB21 /* Build configuration list for PBXNativeTarget "PodcastPlayer" */;
			buildPhases = (
				6695D3762A8A782727C43CE0 /* [CP] Check Pods Manifest.lock */,
				CCE258D3206FB3610025DB21 /* Sources */,
				CCE258D4206FB3610025DB21 /* Frameworks */,
				CCE258D5206FB3610025DB21 /* Resources */,
				E6D293FDD0DF2F6EDEFF2A02 /* [CP] Embed Pods Frameworks */,
				09DF8ECD072F198F738CD007 /* [CP] Copy Pods Resources */,
			);
			buildRules = (
			);
			dependencies = (
			);
			name = PodcastPlayer;
			productName = PodcastPlayer;
			productReference = CCE258D7206FB3610025DB21 /* PodcastPlayer.app */;
			productType = "com.apple.product-type.application";
		};
/* End PBXNativeTarget section */

/* Begin PBXProject section */
		CCE258CF206FB3610025DB21 /* Project object */ = {
			isa = PBXProject;
			attributes = {
				LastSwiftUpdateCheck = 0920;
				LastUpgradeCheck = 0920;
				ORGANIZATIONNAME = "magnus holm";
				TargetAttributes = {
					CCE258D6206FB3610025DB21 = {
						CreatedOnToolsVersion = 9.2;
						ProvisioningStyle = Automatic;
					};
				};
			};
			buildConfigurationList = CCE258D2206FB3610025DB21 /* Build configuration list for PBXProject "PodcastPlayer" */;
			compatibilityVersion = "Xcode 8.0";
			developmentRegion = en;
			hasScannedForEncodings = 0;
			knownRegions = (
				en,
				Base,
			);
			mainGroup = CCE258CE206FB3610025DB21;
			productRefGroup = CCE258D8206FB3610025DB21 /* Products */;
			projectDirPath = "";
			projectRoot = "";
			targets = (
				CCE258D6206FB3610025DB21 /* PodcastPlayer */,
			);
		};
/* End PBXProject section */

/* Begin PBXResourcesBuildPhase section */
		CCE258D5206FB3610025DB21 /* Resources */ = {
			isa = PBXResourcesBuildPhase;
			buildActionMask = 2147483647;
			files = (
				CCE258E5206FB3610025DB21 /* LaunchScreen.storyboard in Resources */,
				CCE258E2206FB3610025DB21 /* Assets.xcassets in Resources */,
				CCCD7D542073BB670007F2D0 /* PodcastCell.xib in Resources */,
				CCE258E0206FB3610025DB21 /* Main.storyboard in Resources */,
			);
			runOnlyForDeploymentPostprocessing = 0;
		};
/* End PBXResourcesBuildPhase section */

/* Begin PBXShellScriptBuildPhase section */
		09DF8ECD072F198F738CD007 /* [CP] Copy Pods Resources */ = {
			isa = PBXShellScriptBuildPhase;
			buildActionMask = 2147483647;
			files = (
			);
			inputPaths = (
			);
			name = "[CP] Copy Pods Resources";
			outputPaths = (
			);
			runOnlyForDeploymentPostprocessing = 0;
			shellPath = /bin/sh;
			shellScript = "\"${SRCROOT}/Pods/Target Support Files/Pods-PodcastPlayer/Pods-PodcastPlayer-resources.sh\"\n";
			showEnvVarsInLog = 0;
		};
		6695D3762A8A782727C43CE0 /* [CP] Check Pods Manifest.lock */ = {
			isa = PBXShellScriptBuildPhase;
			buildActionMask = 2147483647;
			files = (
			);
			inputPaths = (
				"${PODS_PODFILE_DIR_PATH}/Podfile.lock",
				"${PODS_ROOT}/Manifest.lock",
			);
			name = "[CP] Check Pods Manifest.lock";
			outputPaths = (
				"$(DERIVED_FILE_DIR)/Pods-PodcastPlayer-checkManifestLockResult.txt",
			);
			runOnlyForDeploymentPostprocessing = 0;
			shellPath = /bin/sh;
			shellScript = "diff \"${PODS_PODFILE_DIR_PATH}/Podfile.lock\" \"${PODS_ROOT}/Manifest.lock\" > /dev/null\nif [ $? != 0 ] ; then\n    # print error to STDERR\n    echo \"error: The sandbox is not in sync with the Podfile.lock. Run 'pod install' or update your CocoaPods installation.\" >&2\n    exit 1\nfi\n# This output is used by Xcode 'outputs' to avoid re-running this script phase.\necho \"SUCCESS\" > \"${SCRIPT_OUTPUT_FILE_0}\"\n";
			showEnvVarsInLog = 0;
		};
		E6D293FDD0DF2F6EDEFF2A02 /* [CP] Embed Pods Frameworks */ = {
			isa = PBXShellScriptBuildPhase;
			buildActionMask = 2147483647;
			files = (
			);
			inputPaths = (
				"${SRCROOT}/Pods/Target Support Files/Pods-PodcastPlayer/Pods-PodcastPlayer-frameworks.sh",
				"${BUILT_PRODUCTS_DIR}/Alamofire/Alamofire.framework",
				"${BUILT_PRODUCTS_DIR}/SDWebImage/SDWebImage.framework",
			);
			name = "[CP] Embed Pods Frameworks";
			outputPaths = (
				"${TARGET_BUILD_DIR}/${FRAMEWORKS_FOLDER_PATH}/Alamofire.framework",
				"${TARGET_BUILD_DIR}/${FRAMEWORKS_FOLDER_PATH}/SDWebImage.framework",
			);
			runOnlyForDeploymentPostprocessing = 0;
			shellPath = /bin/sh;
			shellScript = "\"${SRCROOT}/Pods/Target Support Files/Pods-PodcastPlayer/Pods-PodcastPlayer-frameworks.sh\"\n";
			showEnvVarsInLog = 0;
		};
/* End PBXShellScriptBuildPhase section */

/* Begin PBXSourcesBuildPhase section */
		CCE258D3206FB3610025DB21 /* Sources */ = {
			isa = PBXSourcesBuildPhase;
			buildActionMask = 2147483647;
			files = (
				CCE258DD206FB3610025DB21 /* ViewController.swift in Sources */,
				CCE258F0206FBE200025DB21 /* PodcastsSearchViewController.swift in Sources */,
				CCE258DB206FB3610025DB21 /* AppDelegate.swift in Sources */,
				CCE258ED206FB3A70025DB21 /* MainTabBarController.swift in Sources */,
				CCCD7D512073B0750007F2D0 /* APIService.swift in Sources */,
				CCE258F3206FBEEB0025DB21 /* Podcast.swift in Sources */,
				CCCD7D562073C4550007F2D0 /* PodcastCell.swift in Sources */,
			);
			runOnlyForDeploymentPostprocessing = 0;
		};
/* End PBXSourcesBuildPhase section */

/* Begin PBXVariantGroup section */
		CCE258DE206FB3610025DB21 /* Main.storyboard */ = {
			isa = PBXVariantGroup;
			children = (
				CCE258DF206FB3610025DB21 /* Base */,
			);
			name = Main.storyboard;
			sourceTree = "<group>";
		};
		CCE258E3206FB3610025DB21 /* LaunchScreen.storyboard */ = {
			isa = PBXVariantGroup;
			children = (
				CCE258E4206FB3610025DB21 /* Base */,
			);
			name = LaunchScreen.storyboard;
			sourceTree = "<group>";
		};
/* End PBXVariantGroup section */

/* Begin XCBuildConfiguration section */
		CCE258E7206FB3610025DB21 /* Debug */ = {
			isa = XCBuildConfiguration;
			buildSettings = {
				ALWAYS_SEARCH_USER_PATHS = NO;
				CLANG_ANALYZER_NONNULL = YES;
				CLANG_ANALYZER_NUMBER_OBJECT_CONVERSION = YES_AGGRESSIVE;
				CLANG_CXX_LANGUAGE_STANDARD = "gnu++14";
				CLANG_CXX_LIBRARY = "libc++";
				CLANG_ENABLE_MODULES = YES;
				CLANG_ENABLE_OBJC_ARC = YES;
				CLANG_WARN_BLOCK_CAPTURE_AUTORELEASING = YES;
				CLANG_WARN_BOOL_CONVERSION = YES;
				CLANG_WARN_COMMA = YES;
				CLANG_WARN_CONSTANT_CONVERSION = YES;
				CLANG_WARN_DIRECT_OBJC_ISA_USAGE = YES_ERROR;
				CLANG_WARN_DOCUMENTATION_COMMENTS = YES;
				CLANG_WARN_EMPTY_BODY = YES;
				CLANG_WARN_ENUM_CONVERSION = YES;
				CLANG_WARN_INFINITE_RECURSION = YES;
				CLANG_WARN_INT_CONVERSION = YES;
				CLANG_WARN_NON_LITERAL_NULL_CONVERSION = YES;
				CLANG_WARN_OBJC_LITERAL_CONVERSION = YES;
				CLANG_WARN_OBJC_ROOT_CLASS = YES_ERROR;
				CLANG_WARN_RANGE_LOOP_ANALYSIS = YES;
				CLANG_WARN_STRICT_PROTOTYPES = YES;
				CLANG_WARN_SUSPICIOUS_MOVE = YES;
				CLANG_WARN_UNGUARDED_AVAILABILITY = YES_AGGRESSIVE;
				CLANG_WARN_UNREACHABLE_CODE = YES;
				CLANG_WARN__DUPLICATE_METHOD_MATCH = YES;
				CODE_SIGN_IDENTITY = "iPhone Developer";
				COPY_PHASE_STRIP = NO;
				DEBUG_INFORMATION_FORMAT = dwarf;
				ENABLE_STRICT_OBJC_MSGSEND = YES;
				ENABLE_TESTABILITY = YES;
				GCC_C_LANGUAGE_STANDARD = gnu11;
				GCC_DYNAMIC_NO_PIC = NO;
				GCC_NO_COMMON_BLOCKS = YES;
				GCC_OPTIMIZATION_LEVEL = 0;
				GCC_PREPROCESSOR_DEFINITIONS = (
					"DEBUG=1",
					"$(inherited)",
				);
				GCC_WARN_64_TO_32_BIT_CONVERSION = YES;
				GCC_WARN_ABOUT_RETURN_TYPE = YES_ERROR;
				GCC_WARN_UNDECLARED_SELECTOR = YES;
				GCC_WARN_UNINITIALIZED_AUTOS = YES_AGGRESSIVE;
				GCC_WARN_UNUSED_FUNCTION = YES;
				GCC_WARN_UNUSED_VARIABLE = YES;
				IPHONEOS_DEPLOYMENT_TARGET = 11.2;
				MTL_ENABLE_DEBUG_INFO = YES;
				ONLY_ACTIVE_ARCH = YES;
				SDKROOT = iphoneos;
				SWIFT_ACTIVE_COMPILATION_CONDITIONS = DEBUG;
				SWIFT_OPTIMIZATION_LEVEL = "-Onone";
			};
			name = Debug;
		};
		CCE258E8206FB3610025DB21 /* Release */ = {
			isa = XCBuildConfiguration;
			buildSettings = {
				ALWAYS_SEARCH_USER_PATHS = NO;
				CLANG_ANALYZER_NONNULL = YES;
				CLANG_ANALYZER_NUMBER_OBJECT_CONVERSION = YES_AGGRESSIVE;
				CLANG_CXX_LANGUAGE_STANDARD = "gnu++14";
				CLANG_CXX_LIBRARY = "libc++";
				CLANG_ENABLE_MODULES = YES;
				CLANG_ENABLE_OBJC_ARC = YES;
				CLANG_WARN_BLOCK_CAPTURE_AUTORELEASING = YES;
				CLANG_WARN_BOOL_CONVERSION = YES;
				CLANG_WARN_COMMA = YES;
				CLANG_WARN_CONSTANT_CONVERSION = YES;
				CLANG_WARN_DIRECT_OBJC_ISA_USAGE = YES_ERROR;
				CLANG_WARN_DOCUMENTATION_COMMENTS = YES;
				CLANG_WARN_EMPTY_BODY = YES;
				CLANG_WARN_ENUM_CONVERSION = YES;
				CLANG_WARN_INFINITE_RECURSION = YES;
				CLANG_WARN_INT_CONVERSION = YES;
				CLANG_WARN_NON_LITERAL_NULL_CONVERSION = YES;
				CLANG_WARN_OBJC_LITERAL_CONVERSION = YES;
				CLANG_WARN_OBJC_ROOT_CLASS = YES_ERROR;
				CLANG_WARN_RANGE_LOOP_ANALYSIS = YES;
				CLANG_WARN_STRICT_PROTOTYPES = YES;
				CLANG_WARN_SUSPICIOUS_MOVE = YES;
				CLANG_WARN_UNGUARDED_AVAILABILITY = YES_AGGRESSIVE;
				CLANG_WARN_UNREACHABLE_CODE = YES;
				CLANG_WARN__DUPLICATE_METHOD_MATCH = YES;
				CODE_SIGN_IDENTITY = "iPhone Developer";
				COPY_PHASE_STRIP = NO;
				DEBUG_INFORMATION_FORMAT = "dwarf-with-dsym";
				ENABLE_NS_ASSERTIONS = NO;
				ENABLE_STRICT_OBJC_MSGSEND = YES;
				GCC_C_LANGUAGE_STANDARD = gnu11;
				GCC_NO_COMMON_BLOCKS = YES;
				GCC_WARN_64_TO_32_BIT_CONVERSION = YES;
				GCC_WARN_ABOUT_RETURN_TYPE = YES_ERROR;
				GCC_WARN_UNDECLARED_SELECTOR = YES;
				GCC_WARN_UNINITIALIZED_AUTOS = YES_AGGRESSIVE;
				GCC_WARN_UNUSED_FUNCTION = YES;
				GCC_WARN_UNUSED_VARIABLE = YES;
				IPHONEOS_DEPLOYMENT_TARGET = 11.2;
				MTL_ENABLE_DEBUG_INFO = NO;
				SDKROOT = iphoneos;
				SWIFT_OPTIMIZATION_LEVEL = "-Owholemodule";
				VALIDATE_PRODUCT = YES;
			};
			name = Release;
		};
		CCE258EA206FB3610025DB21 /* Debug */ = {
			isa = XCBuildConfiguration;
			baseConfigurationReference = 3950AE460AA6F85237956DB3 /* Pods-PodcastPlayer.debug.xcconfig */;
			buildSettings = {
				ASSETCATALOG_COMPILER_APPICON_NAME = AppIcon;
				CODE_SIGN_STYLE = Automatic;
				DEVELOPMENT_TEAM = DF28856VV6;
				INFOPLIST_FILE = PodcastPlayer/Info.plist;
				LD_RUNPATH_SEARCH_PATHS = "$(inherited) @executable_path/Frameworks";
				PRODUCT_BUNDLE_IDENTIFIER = com.magnusholm.PodcastPlayer;
				PRODUCT_NAME = "$(TARGET_NAME)";
				SWIFT_VERSION = 4.0;
				TARGETED_DEVICE_FAMILY = "1,2";
			};
			name = Debug;
		};
		CCE258EB206FB3610025DB21 /* Release */ = {
			isa = XCBuildConfiguration;
			baseConfigurationReference = 5C9DE422DB37970A2F0FAA8C /* Pods-PodcastPlayer.release.xcconfig */;
			buildSettings = {
				ASSETCATALOG_COMPILER_APPICON_NAME = AppIcon;
				CODE_SIGN_STYLE = Automatic;
				DEVELOPMENT_TEAM = DF28856VV6;
				INFOPLIST_FILE = PodcastPlayer/Info.plist;
				LD_RUNPATH_SEARCH_PATHS = "$(inherited) @executable_path/Frameworks";
				PRODUCT_BUNDLE_IDENTIFIER = com.magnusholm.PodcastPlayer;
				PRODUCT_NAME = "$(TARGET_NAME)";
				SWIFT_VERSION = 4.0;
				TARGETED_DEVICE_FAMILY = "1,2";
			};
			name = Release;
		};
/* End XCBuildConfiguration section */

/* Begin XCConfigurationList section */
		CCE258D2206FB3610025DB21 /* Build configuration list for PBXProject "PodcastPlayer" */ = {
			isa = XCConfigurationList;
			buildConfigurations = (
				CCE258E7206FB3610025DB21 /* Debug */,
				CCE258E8206FB3610025DB21 /* Release */,
			);
			defaultConfigurationIsVisible = 0;
			defaultConfigurationName = Release;
		};
		CCE258E9206FB3610025DB21 /* Build configuration list for PBXNativeTarget "PodcastPlayer" */ = {
			isa = XCConfigurationList;
			buildConfigurations = (
				CCE258EA206FB3610025DB21 /* Debug */,
				CCE258EB206FB3610025DB21 /* Release */,
			);
			defaultConfigurationIsVisible = 0;
			defaultConfigurationName = Release;
		};
/* End XCConfigurationList section */
	};
	rootObject = CCE258CF206FB3610025DB21 /* Project object */;
}
